
Microsoft Visual Studio Solution File, Format Version 12.00
# Visual Studio Version 17
VisualStudioVersion = 17.6.33717.318
MinimumVisualStudioVersion = 10.0.40219.1
Project("{FAE04EC0-301F-11D3-BF4B-00C04F79EFBC}") = "ConsoleApp Practice", "ConsoleApp Practice\ConsoleApp Practice.csproj", "{415AF7B6-214A-433E-8C38-2A229ADF8BBF}"
EndProject
Global
	GlobalSection(SolutionConfigurationPlatforms) = preSolution
		Debug|Any CPU = Debug|Any CPU
		Release|Any CPU = Release|Any CPU
	EndGlobalSection
	GlobalSection(ProjectConfigurationPlatforms) = postSolution
		{415AF7B6-214A-433E-8C38-2A229ADF8BBF}.Debug|Any CPU.ActiveCfg = Debug|Any CPU
		{415AF7B6-214A-433E-8C38-2A229ADF8BBF}.Debug|Any CPU.Build.0 = Debug|Any CPU
		{415AF7B6-214A-433E-8C38-2A229ADF8BBF}.Release|Any CPU.ActiveCfg = Release|Any CPU
		{415AF7B6-214A-433E-8C38-2A229ADF8BBF}.Release|Any CPU.Build.0 = Release|Any CPU
	EndGlobalSection
	GlobalSection(SolutionProperties) = preSolution
		HideSolutionNode = FALSE
	EndGlobalSection
	GlobalSection(ExtensibilityGlobals) = postSolution
		SolutionGuid = {36B42531-B1EE-43C8-B382-7313E00033E2}
	EndGlobalSection
EndGlobal
